
Microsoft Visual Studio Solution File, Format Version 12.00
# Visual Studio 14
VisualStudioVersion = 14.0.24720.0
MinimumVisualStudioVersion = 10.0.40219.1
Project("{2150E333-8FDC-42A3-9474-1A3956D46DE8}") = "Respositories", "Respositories", "{1DB2727B-B26E-43C0-8E9C-EBAEB0D11F94}"
EndProject
Project("{FAE04EC0-301F-11D3-BF4B-00C04F79EFBC}") = "Repository.OBS", "Repository.OBS\Repository.OBS.csproj", "{18574839-C5F3-44DC-B96B-424500CD78B2}"
EndProject
Project("{FAE04EC0-301F-11D3-BF4B-00C04F79EFBC}") = "Repository.OBS.Intention", "Repository.OBS.Intention\Repository.OBS.Intention.csproj", "{0D00D128-8781-42A0-84AD-EEEC744DF838}"
EndProject
Project("{2150E333-8FDC-42A3-9474-1A3956D46DE8}") = "Domains", "Domains", "{63A82742-AF0B-45AC-8325-B17C8059FC0A}"
EndProject
Project("{FAE04EC0-301F-11D3-BF4B-00C04F79EFBC}") = "Domain.OBS", "Domain.OBS\Domain.OBS.csproj", "{22891527-8450-41A9-8648-17A43D80F3FD}"
EndProject
Project("{FAE04EC0-301F-11D3-BF4B-00C04F79EFBC}") = "Domain.OBS.Service", "Domain.OBS.Service\Domain.OBS.Service.csproj", "{22A3DF21-328E-4157-B49B-1B3F90BD430B}"
EndProject
Project("{FAE04EC0-301F-11D3-BF4B-00C04F79EFBC}") = "Domain.OBS.Service.Intention", "Domain.OBS.Service.Intention\Domain.OBS.Service.Intention.csproj", "{B9792535-0325-4767-95E8-925B3EC16D25}"
EndProject
Project("{2150E333-8FDC-42A3-9474-1A3956D46DE8}") = "Databases", "Databases", "{DEF41B26-3FCB-409D-9BEF-BA697001CB15}"
EndProject
Project("{FAE04EC0-301F-11D3-BF4B-00C04F79EFBC}") = "Database.OBS", "Database.OBS\Database.OBS.csproj", "{B696D753-F863-44C9-986A-8BA6E39A65AF}"
EndProject
Project("{2150E333-8FDC-42A3-9474-1A3956D46DE8}") = "Models", "Models", "{2B410B3E-F953-43BC-9FC1-7BBEC9C70F8E}"
EndProject
Project("{FAE04EC0-301F-11D3-BF4B-00C04F79EFBC}") = "Model.OBS", "Model.OBS\Model.OBS.csproj", "{11825F1E-0913-4665-924C-69E0F870E221}"
EndProject
Project("{2150E333-8FDC-42A3-9474-1A3956D46DE8}") = "Utils", "Utils", "{51667B1A-92F6-43D0-8554-8F2625986FE1}"
EndProject
Project("{FAE04EC0-301F-11D3-BF4B-00C04F79EFBC}") = "Util.OBS", "Util.OBS\Util.OBS.csproj", "{40EFC570-FDB9-40D4-B614-2CFE5E1D48DD}"
EndProject
Project("{FAE04EC0-301F-11D3-BF4B-00C04F79EFBC}") = "Web.OBS", "Web.OBS\Web.OBS.csproj", "{898E547E-8F7E-4033-8601-89490DC472EF}"
EndProject
Global
	GlobalSection(SolutionConfigurationPlatforms) = preSolution
		Debug|Any CPU = Debug|Any CPU
		Release|Any CPU = Release|Any CPU
	EndGlobalSection
	GlobalSection(ProjectConfigurationPlatforms) = postSolution
		{18574839-C5F3-44DC-B96B-424500CD78B2}.Debug|Any CPU.ActiveCfg = Debug|Any CPU
		{18574839-C5F3-44DC-B96B-424500CD78B2}.Debug|Any CPU.Build.0 = Debug|Any CPU
		{18574839-C5F3-44DC-B96B-424500CD78B2}.Release|Any CPU.ActiveCfg = Release|Any CPU
		{18574839-C5F3-44DC-B96B-424500CD78B2}.Release|Any CPU.Build.0 = Release|Any CPU
		{0D00D128-8781-42A0-84AD-EEEC744DF838}.Debug|Any CPU.ActiveCfg = Debug|Any CPU
		{0D00D128-8781-42A0-84AD-EEEC744DF838}.Debug|Any CPU.Build.0 = Debug|Any CPU
		{0D00D128-8781-42A0-84AD-EEEC744DF838}.Release|Any CPU.ActiveCfg = Release|Any CPU
		{0D00D128-8781-42A0-84AD-EEEC744DF838}.Release|Any CPU.Build.0 = Release|Any CPU
		{22891527-8450-41A9-8648-17A43D80F3FD}.Debug|Any CPU.ActiveCfg = Debug|Any CPU
		{22891527-8450-41A9-8648-17A43D80F3FD}.Debug|Any CPU.Build.0 = Debug|Any CPU
		{22891527-8450-41A9-8648-17A43D80F3FD}.Release|Any CPU.ActiveCfg = Release|Any CPU
		{22891527-8450-41A9-8648-17A43D80F3FD}.Release|Any CPU.Build.0 = Release|Any CPU
		{22A3DF21-328E-4157-B49B-1B3F90BD430B}.Debug|Any CPU.ActiveCfg = Debug|Any CPU
		{22A3DF21-328E-4157-B49B-1B3F90BD430B}.Debug|Any CPU.Build.0 = Debug|Any CPU
		{22A3DF21-328E-4157-B49B-1B3F90BD430B}.Release|Any CPU.ActiveCfg = Release|Any CPU
		{22A3DF21-328E-4157-B49B-1B3F90BD430B}.Release|Any CPU.Build.0 = Release|Any CPU
		{B9792535-0325-4767-95E8-925B3EC16D25}.Debug|Any CPU.ActiveCfg = Debug|Any CPU
		{B9792535-0325-4767-95E8-925B3EC16D25}.Debug|Any CPU.Build.0 = Debug|Any CPU
		{B9792535-0325-4767-95E8-925B3EC16D25}.Release|Any CPU.ActiveCfg = Release|Any CPU
		{B9792535-0325-4767-95E8-925B3EC16D25}.Release|Any CPU.Build.0 = Release|Any CPU
		{B696D753-F863-44C9-986A-8BA6E39A65AF}.Debug|Any CPU.ActiveCfg = Debug|Any CPU
		{B696D753-F863-44C9-986A-8BA6E39A65AF}.Debug|Any CPU.Build.0 = Debug|Any CPU
		{B696D753-F863-44C9-986A-8BA6E39A65AF}.Release|Any CPU.ActiveCfg = Release|Any CPU
		{B696D753-F863-44C9-986A-8BA6E39A65AF}.Release|Any CPU.Build.0 = Release|Any CPU
		{11825F1E-0913-4665-924C-69E0F870E221}.Debug|Any CPU.ActiveCfg = Debug|Any CPU
		{11825F1E-0913-4665-924C-69E0F870E221}.Debug|Any CPU.Build.0 = Debug|Any CPU
		{11825F1E-0913-4665-924C-69E0F870E221}.Release|Any CPU.ActiveCfg = Release|Any CPU
		{11825F1E-0913-4665-924C-69E0F870E221}.Release|Any CPU.Build.0 = Release|Any CPU
		{40EFC570-FDB9-40D4-B614-2CFE5E1D48DD}.Debug|Any CPU.ActiveCfg = Debug|Any CPU
		{40EFC570-FDB9-40D4-B614-2CFE5E1D48DD}.Debug|Any CPU.Build.0 = Debug|Any CPU
		{40EFC570-FDB9-40D4-B614-2CFE5E1D48DD}.Release|Any CPU.ActiveCfg = Release|Any CPU
		{40EFC570-FDB9-40D4-B614-2CFE5E1D48DD}.Release|Any CPU.Build.0 = Release|Any CPU
		{898E547E-8F7E-4033-8601-89490DC472EF}.Debug|Any CPU.ActiveCfg = Debug|Any CPU
		{898E547E-8F7E-4033-8601-89490DC472EF}.Debug|Any CPU.Build.0 = Debug|Any CPU
		{898E547E-8F7E-4033-8601-89490DC472EF}.Release|Any CPU.ActiveCfg = Release|Any CPU
		{898E547E-8F7E-4033-8601-89490DC472EF}.Release|Any CPU.Build.0 = Release|Any CPU
	EndGlobalSection
	GlobalSection(SolutionProperties) = preSolution
		HideSolutionNode = FALSE
	EndGlobalSection
	GlobalSection(NestedProjects) = preSolution
		{18574839-C5F3-44DC-B96B-424500CD78B2} = {1DB2727B-B26E-43C0-8E9C-EBAEB0D11F94}
		{0D00D128-8781-42A0-84AD-EEEC744DF838} = {1DB2727B-B26E-43C0-8E9C-EBAEB0D11F94}
		{22891527-8450-41A9-8648-17A43D80F3FD} = {63A82742-AF0B-45AC-8325-B17C8059FC0A}
		{22A3DF21-328E-4157-B49B-1B3F90BD430B} = {63A82742-AF0B-45AC-8325-B17C8059FC0A}
		{B9792535-0325-4767-95E8-925B3EC16D25} = {63A82742-AF0B-45AC-8325-B17C8059FC0A}
		{B696D753-F863-44C9-986A-8BA6E39A65AF} = {DEF41B26-3FCB-409D-9BEF-BA697001CB15}
		{11825F1E-0913-4665-924C-69E0F870E221} = {2B410B3E-F953-43BC-9FC1-7BBEC9C70F8E}
		{40EFC570-FDB9-40D4-B614-2CFE5E1D48DD} = {51667B1A-92F6-43D0-8554-8F2625986FE1}
	EndGlobalSection
EndGlobal
